PODS:
  - Flutter (1.0.0)
  - fluttertoast (0.0.2):
    - Flutter
    - Toast
  - in_app_purchase_storekit (0.0.1):
    - Flutter
    - FlutterMacOS
  - pay_ios (0.0.1):
    - Flutter
  - shared_preferences_foundation (0.0.1):
    - Flutter
    - FlutterMacOS
  - Stripe (23.16.0):
    - StripeApplePay (= 23.16.0)
    - StripeCore (= 23.16.0)
    - StripePayments (= 23.16.0)
    - StripePaymentsUI (= 23.16.0)
    - StripeUICore (= 23.16.0)
  - stripe_ios (0.0.1):
    - Flutter
    - Stripe (~> 23.16.0)
    - StripeApplePay (~> 23.16.0)
    - StripeFinancialConnections (~> 23.16.0)
    - StripePayments (~> 23.16.0)
    - StripePaymentSheet (~> 23.16.0)
    - StripePaymentsUI (~> 23.16.0)
  - StripeApplePay (23.16.0):
    - StripeCore (= 23.16.0)
  - StripeCore (23.16.0)
  - StripeFinancialConnections (23.16.0):
    - StripeCore (= 23.16.0)
    - StripeUICore (= 23.16.0)
  - StripePayments (23.16.0):
    - StripeCore (= 23.16.0)
    - StripePayments/Stripe3DS2 (= 23.16.0)
  - StripePayments/Stripe3DS2 (23.16.0):
    - StripeCore (= 23.16.0)
  - StripePaymentSheet (23.16.0):
    - StripeApplePay (= 23.16.0)
    - StripeCore (= 23.16.0)
    - StripePayments (= 23.16.0)
    - StripePaymentsUI (= 23.16.0)
  - StripePaymentsUI (23.16.0):
    - StripeCore (= 23.16.0)
    - StripePayments (= 23.16.0)
    - StripeUICore (= 23.16.0)
  - StripeUICore (23.16.0):
    - StripeCore (= 23.16.0)
  - Toast (4.0.0)

DEPENDENCIES:
  - Flutter (from `Flutter`)
  - fluttertoast (from `.symlinks/plugins/fluttertoast/ios`)
  - in_app_purchase_storekit (from `.symlinks/plugins/in_app_purchase_storekit/darwin`)
  - pay_ios (from `.symlinks/plugins/pay_ios/ios`)
  - shared_preferences_foundation (from `.symlinks/plugins/shared_preferences_foundation/darwin`)
  - stripe_ios (from `.symlinks/plugins/stripe_ios/ios`)

SPEC REPOS:
  trunk:
    - Stripe
    - StripeApplePay
    - StripeCore
    - StripeFinancialConnections
    - StripePayments
    - StripePaymentSheet
    - StripePaymentsUI
    - StripeUICore
    - Toast

EXTERNAL SOURCES:
  Flutter:
    :path: Flutter
  fluttertoast:
    :path: ".symlinks/plugins/fluttertoast/ios"
  in_app_purchase_storekit:
    :path: ".symlinks/plugins/in_app_purchase_storekit/darwin"
  pay_ios:
    :path: ".symlinks/plugins/pay_ios/ios"
  shared_preferences_foundation:
    :path: ".symlinks/plugins/shared_preferences_foundation/darwin"
  stripe_ios:
    :path: ".symlinks/plugins/stripe_ios/ios"

SPEC CHECKSUMS:
  Flutter: f04841e97a9d0b0a8025694d0796dd46242b2854
  fluttertoast: 31b00dabfa7fb7bacd9e7dbee580d7a2ff4bf265
  in_app_purchase_storekit: 4fb7ee9e824b1f09107fbfbbce8c4b276366dc43
  pay_ios: 8c7beb9c61d885f3f51b61f75f8793023fc8843a
  shared_preferences_foundation: 5b919d13b803cadd15ed2dc053125c68730e5126
  Stripe: fcab417424a45d995aa1e62a39bc942233b61ba3
  stripe_ios: 2b444aaa35682eee30eac8733a9d502c1e925a4a
  StripeApplePay: 81de266a964b3ad02fb25e8b22fd8c235d2916a8
  StripeCore: ac141047bca25f5ae945a1cbdd00a90b0d08c616
  StripeFinancialConnections: d7a452e4bed1195d8978ee4f6c0ba2f82c89fdf4
  StripePayments: 5804cb9b02cca488042e5cf8cf57a86a5080006b
  StripePaymentSheet: 06ea6bbf49be869769c46bf31be4fbc3e23b5b19
  StripePaymentsUI: 24a0349ae8c7e8c7402086703720fe06c52ddea0
  StripeUICore: ce85e040a22bf0335061d14973d37757528b3d2d
  Toast: 91b396c56ee72a5790816f40d3a94dd357abc196

PODFILE CHECKSUM: a57f30d18f102dd3ce366b1d62a55ecbef2158e5

COCOAPODS: 1.13.0
